// !$*UTF8*$!
{
	archiveVersion = 1;
	classes = {
	};
	objectVersion = 46;
	objects = {

/* Begin PBXGroup section */
		D8FD07BC1A22A7D2000F47D8 = {
			isa = PBXGroup;
			children = (
			);
			sourceTree = "<group>";
		};
/* End PBXGroup section */

/* Begin PBXProject section */
		D8FD07BD1A22A7D2000F47D8 /* Project object */ = {
			isa = PBXProject;
			attributes = {
				LastUpgradeCheck = 0610;
			};
			buildConfigurationList = D8FD07C01A22A7D2000F47D8 /* Build configuration list for PBXProject "Cursed Breakout" */;
			compatibilityVersion = "Xcode 3.2";
			developmentRegion = English;
			hasScannedForEncodings = 0;
			knownRegions = (
				en,
			);
			mainGroup = D8FD07BC1A22A7D2000F47D8;
			projectDirPath = "";
			projectRoot = "";
			targets = (
			);
		};
/* End PBXProject section */

/* Begin XCBuildConfiguration section */
		D8FD07C11A22A7D2000F47D8 /* Debug */ = {
			isa = XCBuildConfiguration;
			buildSettings = {
			};
			name = Debug;
		};
		D8FD07C21A22A7D2000F47D8 /* Release */ = {
			isa = XCBuildConfiguration;
			buildSettings = {
			};
			name = Release;
		};
/* End XCBuildConfiguration section */

/* Begin XCConfigurationList section */
		D8FD07C01A22A7D2000F47D8 /* Build configuration list for PBXProject "Cursed Breakout" */ = {
			isa = XCConfigurationList;
			buildConfigurations = (
				D8FD07C11A22A7D2000F47D8 /* Debug */,
				D8FD07C21A22A7D2000F47D8 /* Release */,
			);
			defaultConfigurationIsVisible = 0;
			defaultConfigurationName = Release;
		};
/* End XCConfigurationList section */
	};
	rootObject = D8FD07BD1A22A7D2000F47D8 /* Project object */;
}
